// !$*UTF8*$!
{
	archiveVersion = 1;
	classes = {
	};
	objectVersion = 77;
	objects = {

/* Begin PBXBuildFile section */
		1E3642012D84DA03006FB4CE /* TestApp Watch App.app in Embed Watch Content */ = {isa = PBXBuildFile; fileRef = 1E3642002D84DA03006FB4CE /* TestApp Watch App.app */; settings = {ATTRIBUTES = (RemoveHeadersOnCopy, ); }; };
/* End PBXBuildFile section */

/* Begin PBXContainerItemProxy section */
		1E3642022D84DA03006FB4CE /* PBXContainerItemProxy */ = {
			isa = PBXContainerItemProxy;
			containerPortal = 1E3641F42D84DA03006FB4CE /* Project object */;
			proxyType = 1;
			remoteGlobalIDString = 1E3641FF2D84DA03006FB4CE;
			remoteInfo = "TestApp Watch App";
		};
		1E3642132D84DA05006FB4CE /* PBXContainerItemProxy */ = {
			isa = PBXContainerItemProxy;
			containerPortal = 1E3641F42D84DA03006FB4CE /* Project object */;
			proxyType = 1;
			remoteGlobalIDString = 1E3641FF2D84DA03006FB4CE;
			remoteInfo = "TestApp Watch App";
		};
		1E36421D2D84DA05006FB4CE /* PBXContainerItemProxy */ = {
			isa = PBXContainerItemProxy;
			containerPortal = 1E3641F42D84DA03006FB4CE /* Project object */;
			proxyType = 1;
			remoteGlobalIDString = 1E3641FF2D84DA03006FB4CE;
			remoteInfo = "TestApp Watch App";
		};
/* End PBXContainerItemProxy section */

/* Begin PBXCopyFilesBuildPhase section */
		1E3642292D84DA05006FB4CE /* Embed Watch Content */ = {
			isa = PBXCopyFilesBuildPhase;
			buildActionMask = 2147483647;
			dstPath = "$(CONTENTS_FOLDER_PATH)/Watch";
			dstSubfolderSpec = 16;
			files = (
				1E3642012D84DA03006FB4CE /* TestApp Watch App.app in Embed Watch Content */,
			);
			name = "Embed Watch Content";
			runOnlyForDeploymentPostprocessing = 0;
		};
/* End PBXCopyFilesBuildPhase section */

/* Begin PBXFileReference section */
		1E3641FA2D84DA03006FB4CE /* TestApp.app */ = {isa = PBXFileReference; explicitFileType = wrapper.application; includeInIndex = 0; path = TestApp.app; sourceTree = BUILT_PRODUCTS_DIR; };
		1E3642002D84DA03006FB4CE /* TestApp Watch App.app */ = {isa = PBXFileReference; explicitFileType = wrapper.application; includeInIndex = 0; path = "TestApp Watch App.app"; sourceTree = BUILT_PRODUCTS_DIR; };
		1E3642122D84DA05006FB4CE /* TestApp Watch AppTests.xctest */ = {isa = PBXFileReference; explicitFileType = wrapper.cfbundle; includeInIndex = 0; path = "TestApp Watch AppTests.xctest"; sourceTree = BUILT_PRODUCTS_DIR; };
		1E36421C2D84DA05006FB4CE /* TestApp Watch AppUITests.xctest */ = {isa = PBXFileReference; explicitFileType = wrapper.cfbundle; includeInIndex = 0; path = "TestApp Watch AppUITests.xctest"; sourceTree = BUILT_PRODUCTS_DIR; };
/* End PBXFileReference section */

/* Begin PBXFileSystemSynchronizedRootGroup section */
		1E3642152D84DA05006FB4CE /* TestApp Watch AppTests */ = {
			isa = PBXFileSystemSynchronizedRootGroup;
			path = "TestApp Watch AppTests";
			sourceTree = "<group>";
		};
		1E36421F2D84DA05006FB4CE /* TestApp Watch AppUITests */ = {
			isa = PBXFileSystemSynchronizedRootGroup;
			path = "TestApp Watch AppUITests";
			sourceTree = "<group>";
		};
		1E3642552D861EED006FB4CE /* TestApp Watch App */ = {
			isa = PBXFileSystemSynchronizedRootGroup;
			path = "TestApp Watch App";
			sourceTree = "<group>";
		};
/* End PBXFileSystemSynchronizedRootGroup section */

/* Begin PBXFrameworksBuildPhase section */
		1E3641FD2D84DA03006FB4CE /* Frameworks */ = {
			isa = PBXFrameworksBuildPhase;
			buildActionMask = 2147483647;
			files = (
			);
			runOnlyForDeploymentPostprocessing = 0;
		};
		1E36420F2D84DA05006FB4CE /* Frameworks */ = {
			isa = PBXFrameworksBuildPhase;
			buildActionMask = 2147483647;
			files = (
			);
			runOnlyForDeploymentPostprocessing = 0;
		};
		1E3642192D84DA05006FB4CE /* Frameworks */ = {
			isa = PBXFrameworksBuildPhase;
			buildActionMask = 2147483647;
			files = (
			);
			runOnlyForDeploymentPostprocessing = 0;
		};
/* End PBXFrameworksBuildPhase section */

/* Begin PBXGroup section */
		1E3641F32D84DA03006FB4CE = {
			isa = PBXGroup;
			children = (
				1E3642152D84DA05006FB4CE /* TestApp Watch AppTests */,
				1E36421F2D84DA05006FB4CE /* TestApp Watch AppUITests */,
				1E3641FB2D84DA03006FB4CE /* Products */,
				1E3642552D861EED006FB4CE /* TestApp Watch App */,
			);
			sourceTree = "<group>";
		};
		1E3641FB2D84DA03006FB4CE /* Products */ = {
			isa = PBXGroup;
			children = (
				1E3641FA2D84DA03006FB4CE /* TestApp.app */,
				1E3642002D84DA03006FB4CE /* TestApp Watch App.app */,
				1E3642122D84DA05006FB4CE /* TestApp Watch AppTests.xctest */,
				1E36421C2D84DA05006FB4CE /* TestApp Watch AppUITests.xctest */,
			);
			name = Products;
			sourceTree = "<group>";
		};
/* End PBXGroup section */

/* Begin PBXNativeTarget section */
		1E3641F92D84DA03006FB4CE /* TestApp */ = {
			isa = PBXNativeTarget;
			buildConfigurationList = 1E36422A2D84DA05006FB4CE /* Build configuration list for PBXNativeTarget "TestApp" */;
			buildPhases = (
				1E3641F82D84DA03006FB4CE /* Resources */,
				1E3642292D84DA05006FB4CE /* Embed Watch Content */,
			);
			buildRules = (
			);
			dependencies = (
				1E3642032D84DA03006FB4CE /* PBXTargetDependency */,
			);
			name = TestApp;
			packageProductDependencies = (
			);
			productName = TestApp;
			productReference = 1E3641FA2D84DA03006FB4CE /* TestApp.app */;
			productType = "com.apple.product-type.application.watchapp2-container";
		};
		1E3641FF2D84DA03006FB4CE /* TestApp Watch App */ = {
			isa = PBXNativeTarget;
			buildConfigurationList = 1E3642262D84DA05006FB4CE /* Build configuration list for PBXNativeTarget "TestApp Watch App" */;
			buildPhases = (
				1E3641FC2D84DA03006FB4CE /* Sources */,
				1E3641FD2D84DA03006FB4CE /* Frameworks */,
				1E3641FE2D84DA03006FB4CE /* Resources */,
			);
			buildRules = (
			);
			dependencies = (
			);
			fileSystemSynchronizedGroups = (
				1E3642552D861EED006FB4CE /* TestApp Watch App */,
			);
			name = "TestApp Watch App";
			packageProductDependencies = (
			);
			productName = "TestApp Watch App";
			productReference = 1E3642002D84DA03006FB4CE /* TestApp Watch App.app */;
			productType = "com.apple.product-type.application";
		};
		1E3642112D84DA05006FB4CE /* TestApp Watch AppTests */ = {
			isa = PBXNativeTarget;
			buildConfigurationList = 1E36422D2D84DA05006FB4CE /* Build configuration list for PBXNativeTarget "TestApp Watch AppTests" */;
			buildPhases = (
				1E36420E2D84DA05006FB4CE /* Sources */,
				1E36420F2D84DA05006FB4CE /* Frameworks */,
				1E3642102D84DA05006FB4CE /* Resources */,
			);
			buildRules = (
			);
			dependencies = (
				1E3642142D84DA05006FB4CE /* PBXTargetDependency */,
			);
			fileSystemSynchronizedGroups = (
				1E3642152D84DA05006FB4CE /* TestApp Watch AppTests */,
			);
			name = "TestApp Watch AppTests";
			packageProductDependencies = (
			);
			productName = "TestApp Watch AppTests";
			productReference = 1E3642122D84DA05006FB4CE /* TestApp Watch AppTests.xctest */;
			productType = "com.apple.product-type.bundle.unit-test";
		};
		1E36421B2D84DA05006FB4CE /* TestApp Watch AppUITests */ = {
			isa = PBXNativeTarget;
			buildConfigurationList = 1E3642302D84DA05006FB4CE /* Build configuration list for PBXNativeTarget "TestApp Watch AppUITests" */;
			buildPhases = (
				1E3642182D84DA05006FB4CE /* Sources */,
				1E3642192D84DA05006FB4CE /* Frameworks */,
				1E36421A2D84DA05006FB4CE /* Resources */,
			);
			buildRules = (
			);
			dependencies = (
				1E36421E2D84DA05006FB4CE /* PBXTargetDependency */,
			);
			fileSystemSynchronizedGroups = (
				1E36421F2D84DA05006FB4CE /* TestApp Watch AppUITests */,
			);
			name = "TestApp Watch AppUITests";
			packageProductDependencies = (
			);
			productName = "TestApp Watch AppUITests";
			productReference = 1E36421C2D84DA05006FB4CE /* TestApp Watch AppUITests.xctest */;
			productType = "com.apple.product-type.bundle.ui-testing";
		};
/* End PBXNativeTarget section */

/* Begin PBXProject section */
		1E3641F42D84DA03006FB4CE /* Project object */ = {
			isa = PBXProject;
			attributes = {
				BuildIndependentTargetsInParallel = 1;
				LastSwiftUpdateCheck = 1620;
				LastUpgradeCheck = 1620;
				TargetAttributes = {
					1E3641F92D84DA03006FB4CE = {
						CreatedOnToolsVersion = 16.2;
					};
					1E3641FF2D84DA03006FB4CE = {
						CreatedOnToolsVersion = 16.2;
					};
					1E3642112D84DA05006FB4CE = {
						CreatedOnToolsVersion = 16.2;
						TestTargetID = 1E3641FF2D84DA03006FB4CE;
					};
					1E36421B2D84DA05006FB4CE = {
						CreatedOnToolsVersion = 16.2;
						TestTargetID = 1E3641FF2D84DA03006FB4CE;
					};
				};
			};
			buildConfigurationList = 1E3641F72D84DA03006FB4CE /* Build configuration list for PBXProject "TestApp" */;
			developmentRegion = en;
			hasScannedForEncodings = 0;
			knownRegions = (
				en,
				Base,
			);
			mainGroup = 1E3641F32D84DA03006FB4CE;
			minimizedProjectReferenceProxies = 1;
			preferredProjectObjectVersion = 77;
			productRefGroup = 1E3641FB2D84DA03006FB4CE /* Products */;
			projectDirPath = "";
			projectRoot = "";
			targets = (
				1E3641F92D84DA03006FB4CE /* TestApp */,
				1E3641FF2D84DA03006FB4CE /* TestApp Watch App */,
				1E3642112D84DA05006FB4CE /* TestApp Watch AppTests */,
				1E36421B2D84DA05006FB4CE /* TestApp Watch AppUITests */,
			);
		};
/* End PBXProject section */

/* Begin PBXResourcesBuildPhase section */
		1E3641F82D84DA03006FB4CE /* Resources */ = {
			isa = PBXResourcesBuildPhase;
			buildActionMask = 2147483647;
			files = (
			);
			runOnlyForDeploymentPostprocessing = 0;
		};
		1E3641FE2D84DA03006FB4CE /* Resources */ = {
			isa = PBXResourcesBuildPhase;
			buildActionMask = 2147483647;
			files = (
			);
			runOnlyForDeploymentPostprocessing = 0;
		};
		1E3642102D84DA05006FB4CE /* Resources */ = {
			isa = PBXResourcesBuildPhase;
			buildActionMask = 2147483647;
			files = (
			);
			runOnlyForDeploymentPostprocessing = 0;
		};
		1E36421A2D84DA05006FB4CE /* Resources */ = {
			isa = PBXResourcesBuildPhase;
			buildActionMask = 2147483647;
			files = (
			);
			runOnlyForDeploymentPostprocessing = 0;
		};
/* End PBXResourcesBuildPhase section */

/* Begin PBXSourcesBuildPhase section */
		1E3641FC2D84DA03006FB4CE /* Sources */ = {
			isa = PBXSourcesBuildPhase;
			buildActionMask = 2147483647;
			files = (
			);
			runOnlyForDeploymentPostprocessing = 0;
		};
		1E36420E2D84DA05006FB4CE /* Sources */ = {
			isa = PBXSourcesBuildPhase;
			buildActionMask = 2147483647;
			files = (
			);
			runOnlyForDeploymentPostprocessing = 0;
		};
		1E3642182D84DA05006FB4CE /* Sources */ = {
			isa = PBXSourcesBuildPhase;
			buildActionMask = 2147483647;
			files = (
			);
			runOnlyForDeploymentPostprocessing = 0;
		};
/* End PBXSourcesBuildPhase section */

/* Begin PBXTargetDependency section */
		1E3642032D84DA03006FB4CE /* PBXTargetDependency */ = {
			isa = PBXTargetDependency;
			target = 1E3641FF2D84DA03006FB4CE /* TestApp Watch App */;
			targetProxy = 1E3642022D84DA03006FB4CE /* PBXContainerItemProxy */;
		};
		1E3642142D84DA05006FB4CE /* PBXTargetDependency */ = {
			isa = PBXTargetDependency;
			target = 1E3641FF2D84DA03006FB4CE /* TestApp Watch App */;
			targetProxy = 1E3642132D84DA05006FB4CE /* PBXContainerItemProxy */;
		};
		1E36421E2D84DA05006FB4CE /* PBXTargetDependency */ = {
			isa = PBXTargetDependency;
			target = 1E3641FF2D84DA03006FB4CE /* TestApp Watch App */;
			targetProxy = 1E36421D2D84DA05006FB4CE /* PBXContainerItemProxy */;
		};
/* End PBXTargetDependency section */

/* Begin XCBuildConfiguration section */
		1E3642242D84DA05006FB4CE /* Debug */ = {
			isa = XCBuildConfiguration;
			buildSettings = {
				ALWAYS_SEARCH_USER_PATHS = NO;
				ASSETCATALOG_COMPILER_GENERATE_SWIFT_ASSET_SYMBOL_EXTENSIONS = YES;
				CLANG_ANALYZER_NONNULL = YES;
				CLANG_ANALYZER_NUMBER_OBJECT_CONVERSION = YES_AGGRESSIVE;
				CLANG_CXX_LANGUAGE_STANDARD = "gnu++20";
				CLANG_ENABLE_MODULES = YES;
				CLANG_ENABLE_OBJC_ARC = YES;
				CLANG_ENABLE_OBJC_WEAK = YES;
				CLANG_WARN_BLOCK_CAPTURE_AUTORELEASING = YES;
				CLANG_WARN_BOOL_CONVERSION = YES;
				CLANG_WARN_COMMA = YES;
				CLANG_WARN_CONSTANT_CONVERSION = YES;
				CLANG_WARN_DEPRECATED_OBJC_IMPLEMENTATIONS = YES;
				CLANG_WARN_DIRECT_OBJC_ISA_USAGE = YES_ERROR;
				CLANG_WARN_DOCUMENTATION_COMMENTS = YES;
				CLANG_WARN_EMPTY_BODY = YES;
				CLANG_WARN_ENUM_CONVERSION = YES;
				CLANG_WARN_INFINITE_RECURSION = YES;
				CLANG_WARN_INT_CONVERSION = YES;
				CLANG_WARN_NON_LITERAL_NULL_CONVERSION = YES;
				CLANG_WARN_OBJC_IMPLICIT_RETAIN_SELF = YES;
				CLANG_WARN_OBJC_LITERAL_CONVERSION = YES;
				CLANG_WARN_OBJC_ROOT_CLASS = YES_ERROR;
				CLANG_WARN_QUOTED_INCLUDE_IN_FRAMEWORK_HEADER = YES;
				CLANG_WARN_RANGE_LOOP_ANALYSIS = YES;
				CLANG_WARN_STRICT_PROTOTYPES = YES;
				CLANG_WARN_SUSPICIOUS_MOVE = YES;
				CLANG_WARN_UNGUARDED_AVAILABILITY = YES_AGGRESSIVE;
				CLANG_WARN_UNREACHABLE_CODE = YES;
				CLANG_WARN__DUPLICATE_METHOD_MATCH = YES;
				COPY_PHASE_STRIP = NO;
				DEBUG_INFORMATION_FORMAT = dwarf;
				ENABLE_STRICT_OBJC_MSGSEND = YES;
				ENABLE_TESTABILITY = YES;
				ENABLE_USER_SCRIPT_SANDBOXING = YES;
				GCC_C_LANGUAGE_STANDARD = gnu17;
				GCC_DYNAMIC_NO_PIC = NO;
				GCC_NO_COMMON_BLOCKS = YES;
				GCC_OPTIMIZATION_LEVEL = 0;
				GCC_PREPROCESSOR_DEFINITIONS = (
					"DEBUG=1",
					"$(inherited)",
				);
				GCC_WARN_64_TO_32_BIT_CONVERSION = YES;
				GCC_WARN_ABOUT_RETURN_TYPE = YES_ERROR;
				GCC_WARN_UNDECLARED_SELECTOR = YES;
				GCC_WARN_UNINITIALIZED_AUTOS = YES_AGGRESSIVE;
				GCC_WARN_UNUSED_FUNCTION = YES;
				GCC_WARN_UNUSED_VARIABLE = YES;
				LOCALIZATION_PREFERS_STRING_CATALOGS = YES;
				MTL_ENABLE_DEBUG_INFO = INCLUDE_SOURCE;
				MTL_FAST_MATH = YES;
				ONLY_ACTIVE_ARCH = YES;
				SWIFT_ACTIVE_COMPILATION_CONDITIONS = "DEBUG $(inherited)";
				SWIFT_OPTIMIZATION_LEVEL = "-Onone";
			};
			name = Debug;
		};
		1E3642252D84DA05006FB4CE /* Release */ = {
			isa = XCBuildConfiguration;
			buildSettings = {
				ALWAYS_SEARCH_USER_PATHS = NO;
				ASSETCATALOG_COMPILER_GENERATE_SWIFT_ASSET_SYMBOL_EXTENSIONS = YES;
				CLANG_ANALYZER_NONNULL = YES;
				CLANG_ANALYZER_NUMBER_OBJECT_CONVERSION = YES_AGGRESSIVE;
				CLANG_CXX_LANGUAGE_STANDARD = "gnu++20";
				CLANG_ENABLE_MODULES = YES;
				CLANG_ENABLE_OBJC_ARC = YES;
				CLANG_ENABLE_OBJC_WEAK = YES;
				CLANG_WARN_BLOCK_CAPTURE_AUTORELEASING = YES;
				CLANG_WARN_BOOL_CONVERSION = YES;
				CLANG_WARN_COMMA = YES;
				CLANG_WARN_CONSTANT_CONVERSION = YES;
				CLANG_WARN_DEPRECATED_OBJC_IMPLEMENTATIONS = YES;
				CLANG_WARN_DIRECT_OBJC_ISA_USAGE = YES_ERROR;
				CLANG_WARN_DOCUMENTATION_COMMENTS = YES;
				CLANG_WARN_EMPTY_BODY = YES;
				CLANG_WARN_ENUM_CONVERSION = YES;
				CLANG_WARN_INFINITE_RECURSION = YES;
				CLANG_WARN_INT_CONVERSION = YES;
				CLANG_WARN_NON_LITERAL_NULL_CONVERSION = YES;
				CLANG_WARN_OBJC_IMPLICIT_RETAIN_SELF = YES;
				CLANG_WARN_OBJC_LITERAL_CONVERSION = YES;
				CLANG_WARN_OBJC_ROOT_CLASS = YES_ERROR;
				CLANG_WARN_QUOTED_INCLUDE_IN_FRAMEWORK_HEADER = YES;
				CLANG_WARN_RANGE_LOOP_ANALYSIS = YES;
				CLANG_WARN_STRICT_PROTOTYPES = YES;
				CLANG_WARN_SUSPICIOUS_MOVE = YES;
				CLANG_WARN_UNGUARDED_AVAILABILITY = YES_AGGRESSIVE;
				CLANG_WARN_UNREACHABLE_CODE = YES;
				CLANG_WARN__DUPLICATE_METHOD_MATCH = YES;
				COPY_PHASE_STRIP = NO;
				DEBUG_INFORMATION_FORMAT = "dwarf-with-dsym";
				ENABLE_NS_ASSERTIONS = NO;
				ENABLE_STRICT_OBJC_MSGSEND = YES;
				ENABLE_USER_SCRIPT_SANDBOXING = YES;
				GCC_C_LANGUAGE_STANDARD = gnu17;
				GCC_NO_COMMON_BLOCKS = YES;
				GCC_WARN_64_TO_32_BIT_CONVERSION = YES;
				GCC_WARN_ABOUT_RETURN_TYPE = YES_ERROR;
				GCC_WARN_UNDECLARED_SELECTOR = YES;
				GCC_WARN_UNINITIALIZED_AUTOS = YES_AGGRESSIVE;
				GCC_WARN_UNUSED_FUNCTION = YES;
				GCC_WARN_UNUSED_VARIABLE = YES;
				LOCALIZATION_PREFERS_STRING_CATALOGS = YES;
				MTL_ENABLE_DEBUG_INFO = NO;
				MTL_FAST_MATH = YES;
				SWIFT_COMPILATION_MODE = wholemodule;
			};
			name = Release;
		};
		1E3642272D84DA05006FB4CE /* Debug */ = {
			isa = XCBuildConfiguration;
			buildSettings = {
				ASSETCATALOG_COMPILER_APPICON_NAME = AppIcon;
				ASSETCATALOG_COMPILER_GLOBAL_ACCENT_COLOR_NAME = AccentColor;
				CODE_SIGN_STYLE = Automatic;
				CURRENT_PROJECT_VERSION = 1;
				DEVELOPMENT_ASSET_PATHS = "\"TestApp Watch App/Preview Content\"";
				DEVELOPMENT_TEAM = J5G5W73T84;
				ENABLE_PREVIEWS = YES;
				GENERATE_INFOPLIST_FILE = YES;
				INFOPLIST_KEY_CFBundleDisplayName = TestApp;
				INFOPLIST_KEY_UISupportedInterfaceOrientations = "UIInterfaceOrientationPortrait UIInterfaceOrientationPortraitUpsideDown";
				INFOPLIST_KEY_WKWatchOnly = YES;
				LD_RUNPATH_SEARCH_PATHS = (
					"$(inherited)",
					"@executable_path/Frameworks",
				);
				MARKETING_VERSION = 1.0;
				PRODUCT_BUNDLE_IDENTIFIER = sabq.TestApp.watchkitapp;
				PRODUCT_NAME = "$(TARGET_NAME)";
				SDKROOT = watchos;
				SKIP_INSTALL = YES;
				SWIFT_EMIT_LOC_STRINGS = YES;
				SWIFT_VERSION = 5.0;
				TARGETED_DEVICE_FAMILY = 4;
				WATCHOS_DEPLOYMENT_TARGET = 11.2;
			};
			name = Debug;
		};
		1E3642282D84DA05006FB4CE /* Release */ = {
			isa = XCBuildConfiguration;
			buildSettings = {
				ASSETCATALOG_COMPILER_APPICON_NAME = AppIcon;
				ASSETCATALOG_COMPILER_GLOBAL_ACCENT_COLOR_NAME = AccentColor;
				CODE_SIGN_STYLE = Automatic;
				CURRENT_PROJECT_VERSION = 1;
				DEVELOPMENT_ASSET_PATHS = "\"TestApp Watch App/Preview Content\"";
				DEVELOPMENT_TEAM = J5G5W73T84;
				ENABLE_PREVIEWS = YES;
				GENERATE_INFOPLIST_FILE = YES;
				INFOPLIST_KEY_CFBundleDisplayName = TestApp;
				INFOPLIST_KEY_UISupportedInterfaceOrientations = "UIInterfaceOrientationPortrait UIInterfaceOrientationPortraitUpsideDown";
				INFOPLIST_KEY_WKWatchOnly = YES;
				LD_RUNPATH_SEARCH_PATHS = (
					"$(inherited)",
					"@executable_path/Frameworks",
				);
				MARKETING_VERSION = 1.0;
				PRODUCT_BUNDLE_IDENTIFIER = sabq.TestApp.watchkitapp;
				PRODUCT_NAME = "$(TARGET_NAME)";
				SDKROOT = watchos;
				SKIP_INSTALL = YES;
				SWIFT_EMIT_LOC_STRINGS = YES;
				SWIFT_VERSION = 5.0;
				TARGETED_DEVICE_FAMILY = 4;
				VALIDATE_PRODUCT = YES;
				WATCHOS_DEPLOYMENT_TARGET = 11.2;
			};
			name = Release;
		};
		1E36422B2D84DA05006FB4CE /* Debug */ = {
			isa = XCBuildConfiguration;
			buildSettings = {
				CODE_SIGN_STYLE = Automatic;
				CURRENT_PROJECT_VERSION = 1;
				DEVELOPMENT_TEAM = J5G5W73T84;
				INFOPLIST_KEY_CFBundleDisplayName = TestApp;
				MARKETING_VERSION = 1.0;
				PRODUCT_BUNDLE_IDENTIFIER = sabq.TestApp;
				PRODUCT_NAME = "$(TARGET_NAME)";
				SDKROOT = iphoneos;
				SWIFT_VERSION = 5.0;
			};
			name = Debug;
		};
		1E36422C2D84DA05006FB4CE /* Release */ = {
			isa = XCBuildConfiguration;
			buildSettings = {
				CODE_SIGN_STYLE = Automatic;
				CURRENT_PROJECT_VERSION = 1;
				DEVELOPMENT_TEAM = J5G5W73T84;
				INFOPLIST_KEY_CFBundleDisplayName = TestApp;
				MARKETING_VERSION = 1.0;
				PRODUCT_BUNDLE_IDENTIFIER = sabq.TestApp;
				PRODUCT_NAME = "$(TARGET_NAME)";
				SDKROOT = iphoneos;
				SWIFT_VERSION = 5.0;
				VALIDATE_PRODUCT = YES;
			};
			name = Release;
		};
		1E36422E2D84DA05006FB4CE /* Debug */ = {
			isa = XCBuildConfiguration;
			buildSettings = {
				BUNDLE_LOADER = "$(TEST_HOST)";
				CODE_SIGN_STYLE = Automatic;
				CURRENT_PROJECT_VERSION = 1;
				DEVELOPMENT_TEAM = J5G5W73T84;
				GENERATE_INFOPLIST_FILE = YES;
				MARKETING_VERSION = 1.0;
				PRODUCT_BUNDLE_IDENTIFIER = "sabq.TestApp-Watch-AppTests";
				PRODUCT_NAME = "$(TARGET_NAME)";
				SDKROOT = watchos;
				SWIFT_EMIT_LOC_STRINGS = NO;
				SWIFT_VERSION = 5.0;
				TARGETED_DEVICE_FAMILY = 4;
				TEST_HOST = "$(BUILT_PRODUCTS_DIR)/TestApp Watch App.app/$(BUNDLE_EXECUTABLE_FOLDER_PATH)/TestApp Watch App";
				WATCHOS_DEPLOYMENT_TARGET = 11.2;
			};
			name = Debug;
		};
		1E36422F2D84DA05006FB4CE /* Release */ = {
			isa = XCBuildConfiguration;
			buildSettings = {
				BUNDLE_LOADER = "$(TEST_HOST)";
				CODE_SIGN_STYLE = Automatic;
				CURRENT_PROJECT_VERSION = 1;
				DEVELOPMENT_TEAM = J5G5W73T84;
				GENERATE_INFOPLIST_FILE = YES;
				MARKETING_VERSION = 1.0;
				PRODUCT_BUNDLE_IDENTIFIER = "sabq.TestApp-Watch-AppTests";
				PRODUCT_NAME = "$(TARGET_NAME)";
				SDKROOT = watchos;
				SWIFT_EMIT_LOC_STRINGS = NO;
				SWIFT_VERSION = 5.0;
				TARGETED_DEVICE_FAMILY = 4;
				TEST_HOST = "$(BUILT_PRODUCTS_DIR)/TestApp Watch App.app/$(BUNDLE_EXECUTABLE_FOLDER_PATH)/TestApp Watch App";
				VALIDATE_PRODUCT = YES;
				WATCHOS_DEPLOYMENT_TARGET = 11.2;
			};
			name = Release;
		};
		1E3642312D84DA05006FB4CE /* Debug */ = {
			isa = XCBuildConfiguration;
			buildSettings = {
				CODE_SIGN_STYLE = Automatic;
				CURRENT_PROJECT_VERSION = 1;
				DEVELOPMENT_TEAM = J5G5W73T84;
				GENERATE_INFOPLIST_FILE = YES;
				MARKETING_VERSION = 1.0;
				PRODUCT_BUNDLE_IDENTIFIER = "sabq.TestApp-Watch-AppUITests";
				PRODUCT_NAME = "$(TARGET_NAME)";
				SDKROOT = watchos;
				SWIFT_EMIT_LOC_STRINGS = NO;
				SWIFT_VERSION = 5.0;
				TARGETED_DEVICE_FAMILY = 4;
				TEST_TARGET_NAME = "TestApp Watch App";
				WATCHOS_DEPLOYMENT_TARGET = 11.2;
			};
			name = Debug;
		};
		1E3642322D84DA05006FB4CE /* Release */ = {
			isa = XCBuildConfiguration;
			buildSettings = {
				CODE_SIGN_STYLE = Automatic;
				CURRENT_PROJECT_VERSION = 1;
				DEVELOPMENT_TEAM = J5G5W73T84;
				GENERATE_INFOPLIST_FILE = YES;
				MARKETING_VERSION = 1.0;
				PRODUCT_BUNDLE_IDENTIFIER = "sabq.TestApp-Watch-AppUITests";
				PRODUCT_NAME = "$(TARGET_NAME)";
				SDKROOT = watchos;
				SWIFT_EMIT_LOC_STRINGS = NO;
				SWIFT_VERSION = 5.0;
				TARGETED_DEVICE_FAMILY = 4;
				TEST_TARGET_NAME = "TestApp Watch App";
				VALIDATE_PRODUCT = YES;
				WATCHOS_DEPLOYMENT_TARGET = 11.2;
			};
			name = Release;
		};
/* End XCBuildConfiguration section */

/* Begin XCConfigurationList section */
		1E3641F72D84DA03006FB4CE /* Build configuration list for PBXProject "TestApp" */ = {
			isa = XCConfigurationList;
			buildConfigurations = (
				1E3642242D84DA05006FB4CE /* Debug */,
				1E3642252D84DA05006FB4CE /* Release */,
			);
			defaultConfigurationIsVisible = 0;
			defaultConfigurationName = Release;
		};
		1E3642262D84DA05006FB4CE /* Build configuration list for PBXNativeTarget "TestApp Watch App" */ = {
			isa = XCConfigurationList;
			buildConfigurations = (
				1E3642272D84DA05006FB4CE /* Debug */,
				1E3642282D84DA05006FB4CE /* Release */,
			);
			defaultConfigurationIsVisible = 0;
			defaultConfigurationName = Release;
		};
		1E36422A2D84DA05006FB4CE /* Build configuration list for PBXNativeTarget "TestApp" */ = {
			isa = XCConfigurationList;
			buildConfigurations = (
				1E36422B2D84DA05006FB4CE /* Debug */,
				1E36422C2D84DA05006FB4CE /* Release */,
			);
			defaultConfigurationIsVisible = 0;
			defaultConfigurationName = Release;
		};
		1E36422D2D84DA05006FB4CE /* Build configuration list for PBXNativeTarget "TestApp Watch AppTests" */ = {
			isa = XCConfigurationList;
			buildConfigurations = (
				1E36422E2D84DA05006FB4CE /* Debug */,
				1E36422F2D84DA05006FB4CE /* Release */,
			);
			defaultConfigurationIsVisible = 0;
			defaultConfigurationName = Release;
		};
		1E3642302D84DA05006FB4CE /* Build configuration list for PBXNativeTarget "TestApp Watch AppUITests" */ = {
			isa = XCConfigurationList;
			buildConfigurations = (
				1E3642312D84DA05006FB4CE /* Debug */,
				1E3642322D84DA05006FB4CE /* Release */,
			);
			defaultConfigurationIsVisible = 0;
			defaultConfigurationName = Release;
		};
/* End XCConfigurationList section */
	};
	rootObject = 1E3641F42D84DA03006FB4CE /* Project object */;
}
